
Microsoft Visual Studio Solution File, Format Version 12.00
Project("{FAE04EC0-301F-11D3-BF4B-00C04F79EFBC}") = "LinkedListCode", "LinkedListCode\LinkedListCode.csproj", "{C1BE7BAA-5250-4552-ACF1-A349BB962D8B}"
EndProject
Project("{FAE04EC0-301F-11D3-BF4B-00C04F79EFBC}") = "LinkedListTests", "LinkedListTests\LinkedListTests.csproj", "{14ECD4EA-D2BE-4948-B8CC-92FF846B4C66}"
EndProject
Project("{2150E333-8FDC-42A3-9474-1A3956D46DE8}") = "LinkedList", "LinkedList", "{97F47C4B-D1DC-401D-B100-D797230CB9FC}"
EndProject
Project("{2150E333-8FDC-42A3-9474-1A3956D46DE8}") = "DoublyLinkedList", "DoublyLinkedList", "{6969383A-BA1F-4791-8643-12D9840B3F50}"
EndProject
Project("{FAE04EC0-301F-11D3-BF4B-00C04F79EFBC}") = "DoublyLinkedListCode", "DoublyLinkedListCode\DoublyLinkedListCode.csproj", "{528E17ED-4DCC-40E2-8124-95CB36E2A81A}"
EndProject
Project("{FAE04EC0-301F-11D3-BF4B-00C04F79EFBC}") = "DoublyLinkedListTests", "DoublyLinkedListTests\DoublyLinkedListTests.csproj", "{1789E32A-CD10-45B1-822C-757A0892D74E}"
EndProject
Project("{2150E333-8FDC-42A3-9474-1A3956D46DE8}") = "DynamicArray", "DynamicArray", "{EE28D496-8B18-4A13-BBEB-B52D872DA4E1}"
EndProject
Project("{FAE04EC0-301F-11D3-BF4B-00C04F79EFBC}") = "DynamicArrayCode", "DynamicArrayCode\DynamicArrayCode.csproj", "{818868C6-750F-4EC8-B527-218E13F136B1}"
EndProject
Project("{FAE04EC0-301F-11D3-BF4B-00C04F79EFBC}") = "DynamicArrayTests", "DynamicArrayTests\DynamicArrayTests.csproj", "{D9787CDA-50FF-4A55-BF61-A46EA55F1124}"
EndProject
Project("{2150E333-8FDC-42A3-9474-1A3956D46DE8}") = "Stack", "Stack", "{2AB9992E-755B-41A5-8299-F336D97F4593}"
EndProject
Project("{FAE04EC0-301F-11D3-BF4B-00C04F79EFBC}") = "StackCode", "StackCode\StackCode.csproj", "{9463F485-D34D-43A5-8221-D05075BF754F}"
EndProject
Project("{FAE04EC0-301F-11D3-BF4B-00C04F79EFBC}") = "StackTests", "StackTests\StackTests.csproj", "{8A510097-D6AF-4098-B99A-C1C19C012754}"
EndProject
Project("{FAE04EC0-301F-11D3-BF4B-00C04F79EFBC}") = "QueueCode", "QueueCode\QueueCode.csproj", "{4090C382-FCA7-4417-B48F-9F768521BB45}"
EndProject
Project("{2150E333-8FDC-42A3-9474-1A3956D46DE8}") = "Queue", "Queue", "{810DFF10-851B-4EFF-8453-E041325BB1C1}"
EndProject
Project("{FAE04EC0-301F-11D3-BF4B-00C04F79EFBC}") = "QueueTests", "QueueTests\QueueTests.csproj", "{27C51EB6-FAEC-4F51-8D93-BE028ECDEB4C}"
EndProject
Project("{2150E333-8FDC-42A3-9474-1A3956D46DE8}") = "Deque", "Deque", "{D9F2744A-8363-4996-820B-F97E945D2641}"
EndProject
Project("{FAE04EC0-301F-11D3-BF4B-00C04F79EFBC}") = "DequeCode", "DequeCode\DequeCode.csproj", "{7D097AA5-52A7-4CFD-9CD7-A6F1C4B597B7}"
EndProject
Project("{FAE04EC0-301F-11D3-BF4B-00C04F79EFBC}") = "DequeTests", "DequeTests\DequeTests.csproj", "{FC92E282-059D-4CB0-9A48-AFC5AB6C0F34}"
EndProject
Project("{2150E333-8FDC-42A3-9474-1A3956D46DE8}") = "OrderedList", "OrderedList", "{D9599A49-D061-4015-82E9-1CA395F7A1AF}"
EndProject
Project("{FAE04EC0-301F-11D3-BF4B-00C04F79EFBC}") = "OrderedListCode", "OrderedListCode\OrderedListCode.csproj", "{F47FB6D8-2339-4B31-984F-0D3FACDA46DC}"
EndProject
Project("{FAE04EC0-301F-11D3-BF4B-00C04F79EFBC}") = "OrderedListTests", "OrderedListTests\OrderedListTests.csproj", "{9F698831-D0D2-4595-A764-655DF9218AA3}"
EndProject
Project("{2150E333-8FDC-42A3-9474-1A3956D46DE8}") = "HashTable", "HashTable", "{700B1C65-5024-41FC-B4BE-C38F5BEF1F0A}"
EndProject
Project("{FAE04EC0-301F-11D3-BF4B-00C04F79EFBC}") = "HashTableCode", "HashTableCode\HashTableCode.csproj", "{C26B32BE-124A-4B36-A4A4-63A4B612D571}"
EndProject
Project("{FAE04EC0-301F-11D3-BF4B-00C04F79EFBC}") = "HashTableTests", "HashTableTests\HashTableTests.csproj", "{BAB15B86-E9F6-4871-A120-F229F3433018}"
EndProject
Project("{2150E333-8FDC-42A3-9474-1A3956D46DE8}") = "Dictionary", "Dictionary", "{0FFFF78F-64EF-4E61-9B44-70AB65088B6A}"
EndProject
Project("{FAE04EC0-301F-11D3-BF4B-00C04F79EFBC}") = "DictionaryCode", "DictionaryCode\DictionaryCode.csproj", "{EF7A3D58-E299-494D-AF63-60028B13B0ED}"
EndProject
Project("{FAE04EC0-301F-11D3-BF4B-00C04F79EFBC}") = "DictionaryTests", "DictionaryTests\DictionaryTests.csproj", "{B5235319-CD20-4BBD-9F8D-89072FC07971}"
EndProject
Project("{2150E333-8FDC-42A3-9474-1A3956D46DE8}") = "Set", "Set", "{7821B47B-4D86-4541-A861-BCB396486D4A}"
EndProject
Project("{FAE04EC0-301F-11D3-BF4B-00C04F79EFBC}") = "SetCode", "SetCode\SetCode.csproj", "{E01A38BA-EB5A-42DF-8402-3C897861CE41}"
EndProject
Project("{FAE04EC0-301F-11D3-BF4B-00C04F79EFBC}") = "SetTests", "SetTests\SetTests.csproj", "{4D104A56-AC59-4BBD-A693-BCC24C8DF4C0}"
EndProject
Project("{2150E333-8FDC-42A3-9474-1A3956D46DE8}") = "BloomFilter", "BloomFilter", "{82EE9728-8510-4587-959E-88B0132BE3C7}"
EndProject
Project("{FAE04EC0-301F-11D3-BF4B-00C04F79EFBC}") = "BloomFilterCode", "BloomFilterCode\BloomFilterCode.csproj", "{87552468-B78B-4F07-A96E-9EA93A03C117}"
EndProject
Project("{FAE04EC0-301F-11D3-BF4B-00C04F79EFBC}") = "BloomFilterTests", "BloomFilterTests\BloomFilterTests.csproj", "{7137E8D8-4E70-425E-A49F-7976E8BE8F66}"
EndProject
Project("{2150E333-8FDC-42A3-9474-1A3956D46DE8}") = "Cache", "Cache", "{321055ED-BFFD-4658-8CB4-192B14B5D6D4}"
EndProject
Project("{FAE04EC0-301F-11D3-BF4B-00C04F79EFBC}") = "CacheCode", "CacheCode\CacheCode.csproj", "{0DF2BAE4-7BCB-4421-96FB-64250B8067A7}"
EndProject
Project("{FAE04EC0-301F-11D3-BF4B-00C04F79EFBC}") = "CacheTests", "CacheTests\CacheTests.csproj", "{D1BF776A-3A88-4A2A-9D28-3D1B8EC3B0D6}"
EndProject
Project("{2150E333-8FDC-42A3-9474-1A3956D46DE8}") = "Tree", "Tree", "{4E70EB1A-75B3-4776-8589-B75C0FEC9F25}"
EndProject
Project("{FAE04EC0-301F-11D3-BF4B-00C04F79EFBC}") = "TreeCode", "TreeCode\TreeCode.csproj", "{D4AFE983-DAF3-4856-8AFB-D140B948FF5C}"
EndProject
Project("{FAE04EC0-301F-11D3-BF4B-00C04F79EFBC}") = "TreeTests", "TreeTests\TreeTests.csproj", "{1EC13400-44D9-4EB3-9398-76E8FA001CEE}"
EndProject
Project("{2150E333-8FDC-42A3-9474-1A3956D46DE8}") = "BinaryTree", "BinaryTree", "{107AEAC8-1728-46A5-8494-3210499A689C}"
EndProject
Project("{FAE04EC0-301F-11D3-BF4B-00C04F79EFBC}") = "BinaryTreeCode", "BinaryTreeCode\BinaryTreeCode.csproj", "{941E6007-A0C0-4B9E-B08F-16DBB4370F3C}"
EndProject
Project("{FAE04EC0-301F-11D3-BF4B-00C04F79EFBC}") = "BinaryTreeTests", "BinaryTreeTests\BinaryTreeTests.csproj", "{952CC065-17D5-41A2-A3B9-7B73F6018F35}"
EndProject
Project("{2150E333-8FDC-42A3-9474-1A3956D46DE8}") = "BinarySearchTreeArray", "BinarySearchTreeArray", "{1AA083B2-95D1-4AD0-881B-B21C064EEC3A}"
EndProject
Project("{FAE04EC0-301F-11D3-BF4B-00C04F79EFBC}") = "BinarySearchTreeArrayCode", "BinarySearchTreeArrayCode\BinarySearchTreeArrayCode.csproj", "{32047ACD-49AA-4DFF-BCCE-869C00FFB17B}"
EndProject
Project("{FAE04EC0-301F-11D3-BF4B-00C04F79EFBC}") = "BinarySearchTreeArrayTests", "BinarySearchTreeArrayTests\BinarySearchTreeArrayTests.csproj", "{7731C4C0-6737-4AEC-A825-81B221999808}"
EndProject
Project("{2150E333-8FDC-42A3-9474-1A3956D46DE8}") = "BalancedBST", "BalancedBST", "{0D7E06B9-4579-4896-BB9D-A252FE3D3953}"
EndProject
Project("{FAE04EC0-301F-11D3-BF4B-00C04F79EFBC}") = "BalancedBSTCode", "BalancedBSTCode\BalancedBSTCode.csproj", "{2706735B-C583-40E5-ACA0-7F831873A154}"
EndProject
Project("{FAE04EC0-301F-11D3-BF4B-00C04F79EFBC}") = "BalancedBSTTests", "BalancedBSTTests\BalancedBSTTests.csproj", "{98FA3C18-F8AA-49DF-BC4B-47D5ECB16EED}"
EndProject
Project("{2150E333-8FDC-42A3-9474-1A3956D46DE8}") = "BalancedBST2", "BalancedBST2", "{F1F5D4FC-FA61-494D-946A-E76CCE5432F9}"
EndProject
Project("{FAE04EC0-301F-11D3-BF4B-00C04F79EFBC}") = "BalancedBST2Code", "BalancedBST2Code\BalancedBST2Code.csproj", "{FAAF1B42-407A-4B63-B203-65EBEFCE2A7D}"
EndProject
Project("{FAE04EC0-301F-11D3-BF4B-00C04F79EFBC}") = "BalancedBST2Tests", "BalancedBST2Tests\BalancedBST2Tests.csproj", "{708672DF-46EA-405E-B2EC-FD4C55932E42}"
EndProject
Project("{2150E333-8FDC-42A3-9474-1A3956D46DE8}") = "Heap", "Heap", "{E145452D-FFEB-496B-9709-E05F27581A81}"
EndProject
Project("{FAE04EC0-301F-11D3-BF4B-00C04F79EFBC}") = "HeapCode", "HeapCode\HeapCode.csproj", "{650568B1-9711-4EC2-A54E-9B651BE203FD}"
EndProject
Project("{FAE04EC0-301F-11D3-BF4B-00C04F79EFBC}") = "HeapTests", "HeapTests\HeapTests.csproj", "{4B2677C2-6F0D-45BB-B779-2D9F727A81EB}"
EndProject
Project("{FAE04EC0-301F-11D3-BF4B-00C04F79EFBC}") = "GraphCode", "GraphCode\GraphCode.csproj", "{30746447-9303-4DA2-8C38-86ED359A3C97}"
EndProject
Project("{2150E333-8FDC-42A3-9474-1A3956D46DE8}") = "Graph", "Graph", "{BB276361-32FE-4C0E-8582-297E7082008C}"
EndProject
Project("{FAE04EC0-301F-11D3-BF4B-00C04F79EFBC}") = "GraphTests", "GraphTests\GraphTests.csproj", "{7CCF898B-45DB-43CA-AC5A-EDA42ED215E4}"
EndProject
Project("{2150E333-8FDC-42A3-9474-1A3956D46DE8}") = "EvenTree", "EvenTree", "{B640AA3D-5CD4-4F92-98EE-0D6DBE89A0AA}"
EndProject
Project("{FAE04EC0-301F-11D3-BF4B-00C04F79EFBC}") = "EvenTreeCode", "EvenTreeCode\EvenTreeCode.csproj", "{D39F42C2-6FE8-41B0-BBFE-D91034367273}"
EndProject
Project("{FAE04EC0-301F-11D3-BF4B-00C04F79EFBC}") = "EvenTreeTests", "EvenTreeTests\EvenTreeTests.csproj", "{78FB4DAB-2E6E-4FE2-A5EF-D8DFC097CBBC}"
EndProject
Project("{2150E333-8FDC-42A3-9474-1A3956D46DE8}") = "DFS", "DFS", "{0DBD773F-6A87-4284-8B30-FE492F84E1BD}"
EndProject
Project("{FAE04EC0-301F-11D3-BF4B-00C04F79EFBC}") = "DFSCode", "DFSCode\DFSCode.csproj", "{F0B7F8ED-E5F4-4BBE-AF02-3DAD8236EAE2}"
EndProject
Project("{FAE04EC0-301F-11D3-BF4B-00C04F79EFBC}") = "DFSTests", "DFSTests\DFSTests.csproj", "{E35E587F-B9AD-427A-AAAF-3FABE7429781}"
EndProject
Project("{2150E333-8FDC-42A3-9474-1A3956D46DE8}") = "BFS", "BFS", "{75A58423-8A2E-4D74-82FB-134F3B40C550}"
EndProject
Project("{FAE04EC0-301F-11D3-BF4B-00C04F79EFBC}") = "BFSCode", "BFSCode\BFSCode.csproj", "{D08FBBCE-EC35-44CF-B90E-9E5B6F61A848}"
EndProject
Project("{FAE04EC0-301F-11D3-BF4B-00C04F79EFBC}") = "BFSTests", "BFSTests\BFSTests.csproj", "{76B5D7A5-10D5-41CE-B767-7B775907EAD5}"
EndProject
Project("{2150E333-8FDC-42A3-9474-1A3956D46DE8}") = "TSP_NearestNeighbour", "TSP_NearestNeighbour", "{4C4F2E6F-6BBF-43D7-8383-CDEF4D3907DC}"
EndProject
Project("{FAE04EC0-301F-11D3-BF4B-00C04F79EFBC}") = "TSP_NearestNeighbourCode", "TSP_NearestNeighbourCode\TSP_NearestNeighbourCode.csproj", "{C3667EB2-EB17-4838-A233-7850465B737B}"
EndProject
Project("{2150E333-8FDC-42A3-9474-1A3956D46DE8}") = "WeakGraph", "WeakGraph", "{60216511-BD96-46F2-8609-535993B46A46}"
EndProject
Project("{FAE04EC0-301F-11D3-BF4B-00C04F79EFBC}") = "WeakGraphCode", "WeakGraphCode\WeakGraphCode.csproj", "{F892BC96-7B5C-447B-906F-86573520FCC6}"
EndProject
Project("{FAE04EC0-301F-11D3-BF4B-00C04F79EFBC}") = "WeakGraphTests", "WeakGraphTests\WeakGraphTests.csproj", "{DDEB7312-2F09-4565-94A6-3FB580F9C5D9}"
EndProject
Global
	GlobalSection(SolutionConfigurationPlatforms) = preSolution
		Debug|Any CPU = Debug|Any CPU
		Release|Any CPU = Release|Any CPU
	EndGlobalSection
	GlobalSection(ProjectConfigurationPlatforms) = postSolution
		{C1BE7BAA-5250-4552-ACF1-A349BB962D8B}.Debug|Any CPU.ActiveCfg = Debug|Any CPU
		{C1BE7BAA-5250-4552-ACF1-A349BB962D8B}.Debug|Any CPU.Build.0 = Debug|Any CPU
		{C1BE7BAA-5250-4552-ACF1-A349BB962D8B}.Release|Any CPU.ActiveCfg = Release|Any CPU
		{C1BE7BAA-5250-4552-ACF1-A349BB962D8B}.Release|Any CPU.Build.0 = Release|Any CPU
		{14ECD4EA-D2BE-4948-B8CC-92FF846B4C66}.Debug|Any CPU.ActiveCfg = Debug|Any CPU
		{14ECD4EA-D2BE-4948-B8CC-92FF846B4C66}.Debug|Any CPU.Build.0 = Debug|Any CPU
		{14ECD4EA-D2BE-4948-B8CC-92FF846B4C66}.Release|Any CPU.ActiveCfg = Release|Any CPU
		{14ECD4EA-D2BE-4948-B8CC-92FF846B4C66}.Release|Any CPU.Build.0 = Release|Any CPU
		{528E17ED-4DCC-40E2-8124-95CB36E2A81A}.Debug|Any CPU.ActiveCfg = Debug|Any CPU
		{528E17ED-4DCC-40E2-8124-95CB36E2A81A}.Debug|Any CPU.Build.0 = Debug|Any CPU
		{528E17ED-4DCC-40E2-8124-95CB36E2A81A}.Release|Any CPU.ActiveCfg = Release|Any CPU
		{528E17ED-4DCC-40E2-8124-95CB36E2A81A}.Release|Any CPU.Build.0 = Release|Any CPU
		{1789E32A-CD10-45B1-822C-757A0892D74E}.Debug|Any CPU.ActiveCfg = Debug|Any CPU
		{1789E32A-CD10-45B1-822C-757A0892D74E}.Debug|Any CPU.Build.0 = Debug|Any CPU
		{1789E32A-CD10-45B1-822C-757A0892D74E}.Release|Any CPU.ActiveCfg = Release|Any CPU
		{1789E32A-CD10-45B1-822C-757A0892D74E}.Release|Any CPU.Build.0 = Release|Any CPU
		{818868C6-750F-4EC8-B527-218E13F136B1}.Debug|Any CPU.ActiveCfg = Debug|Any CPU
		{818868C6-750F-4EC8-B527-218E13F136B1}.Debug|Any CPU.Build.0 = Debug|Any CPU
		{818868C6-750F-4EC8-B527-218E13F136B1}.Release|Any CPU.ActiveCfg = Release|Any CPU
		{818868C6-750F-4EC8-B527-218E13F136B1}.Release|Any CPU.Build.0 = Release|Any CPU
		{D9787CDA-50FF-4A55-BF61-A46EA55F1124}.Debug|Any CPU.ActiveCfg = Debug|Any CPU
		{D9787CDA-50FF-4A55-BF61-A46EA55F1124}.Debug|Any CPU.Build.0 = Debug|Any CPU
		{D9787CDA-50FF-4A55-BF61-A46EA55F1124}.Release|Any CPU.ActiveCfg = Release|Any CPU
		{D9787CDA-50FF-4A55-BF61-A46EA55F1124}.Release|Any CPU.Build.0 = Release|Any CPU
		{9463F485-D34D-43A5-8221-D05075BF754F}.Debug|Any CPU.ActiveCfg = Debug|Any CPU
		{9463F485-D34D-43A5-8221-D05075BF754F}.Debug|Any CPU.Build.0 = Debug|Any CPU
		{9463F485-D34D-43A5-8221-D05075BF754F}.Release|Any CPU.ActiveCfg = Release|Any CPU
		{9463F485-D34D-43A5-8221-D05075BF754F}.Release|Any CPU.Build.0 = Release|Any CPU
		{8A510097-D6AF-4098-B99A-C1C19C012754}.Debug|Any CPU.ActiveCfg = Debug|Any CPU
		{8A510097-D6AF-4098-B99A-C1C19C012754}.Debug|Any CPU.Build.0 = Debug|Any CPU
		{8A510097-D6AF-4098-B99A-C1C19C012754}.Release|Any CPU.ActiveCfg = Release|Any CPU
		{8A510097-D6AF-4098-B99A-C1C19C012754}.Release|Any CPU.Build.0 = Release|Any CPU
		{4090C382-FCA7-4417-B48F-9F768521BB45}.Debug|Any CPU.ActiveCfg = Debug|Any CPU
		{4090C382-FCA7-4417-B48F-9F768521BB45}.Debug|Any CPU.Build.0 = Debug|Any CPU
		{4090C382-FCA7-4417-B48F-9F768521BB45}.Release|Any CPU.ActiveCfg = Release|Any CPU
		{4090C382-FCA7-4417-B48F-9F768521BB45}.Release|Any CPU.Build.0 = Release|Any CPU
		{27C51EB6-FAEC-4F51-8D93-BE028ECDEB4C}.Debug|Any CPU.ActiveCfg = Debug|Any CPU
		{27C51EB6-FAEC-4F51-8D93-BE028ECDEB4C}.Debug|Any CPU.Build.0 = Debug|Any CPU
		{27C51EB6-FAEC-4F51-8D93-BE028ECDEB4C}.Release|Any CPU.ActiveCfg = Release|Any CPU
		{27C51EB6-FAEC-4F51-8D93-BE028ECDEB4C}.Release|Any CPU.Build.0 = Release|Any CPU
		{7D097AA5-52A7-4CFD-9CD7-A6F1C4B597B7}.Debug|Any CPU.ActiveCfg = Debug|Any CPU
		{7D097AA5-52A7-4CFD-9CD7-A6F1C4B597B7}.Debug|Any CPU.Build.0 = Debug|Any CPU
		{7D097AA5-52A7-4CFD-9CD7-A6F1C4B597B7}.Release|Any CPU.ActiveCfg = Release|Any CPU
		{7D097AA5-52A7-4CFD-9CD7-A6F1C4B597B7}.Release|Any CPU.Build.0 = Release|Any CPU
		{FC92E282-059D-4CB0-9A48-AFC5AB6C0F34}.Debug|Any CPU.ActiveCfg = Debug|Any CPU
		{FC92E282-059D-4CB0-9A48-AFC5AB6C0F34}.Debug|Any CPU.Build.0 = Debug|Any CPU
		{FC92E282-059D-4CB0-9A48-AFC5AB6C0F34}.Release|Any CPU.ActiveCfg = Release|Any CPU
		{FC92E282-059D-4CB0-9A48-AFC5AB6C0F34}.Release|Any CPU.Build.0 = Release|Any CPU
		{F47FB6D8-2339-4B31-984F-0D3FACDA46DC}.Debug|Any CPU.ActiveCfg = Debug|Any CPU
		{F47FB6D8-2339-4B31-984F-0D3FACDA46DC}.Debug|Any CPU.Build.0 = Debug|Any CPU
		{F47FB6D8-2339-4B31-984F-0D3FACDA46DC}.Release|Any CPU.ActiveCfg = Release|Any CPU
		{F47FB6D8-2339-4B31-984F-0D3FACDA46DC}.Release|Any CPU.Build.0 = Release|Any CPU
		{9F698831-D0D2-4595-A764-655DF9218AA3}.Debug|Any CPU.ActiveCfg = Debug|Any CPU
		{9F698831-D0D2-4595-A764-655DF9218AA3}.Debug|Any CPU.Build.0 = Debug|Any CPU
		{9F698831-D0D2-4595-A764-655DF9218AA3}.Release|Any CPU.ActiveCfg = Release|Any CPU
		{9F698831-D0D2-4595-A764-655DF9218AA3}.Release|Any CPU.Build.0 = Release|Any CPU
		{C26B32BE-124A-4B36-A4A4-63A4B612D571}.Debug|Any CPU.ActiveCfg = Debug|Any CPU
		{C26B32BE-124A-4B36-A4A4-63A4B612D571}.Debug|Any CPU.Build.0 = Debug|Any CPU
		{C26B32BE-124A-4B36-A4A4-63A4B612D571}.Release|Any CPU.ActiveCfg = Release|Any CPU
		{C26B32BE-124A-4B36-A4A4-63A4B612D571}.Release|Any CPU.Build.0 = Release|Any CPU
		{BAB15B86-E9F6-4871-A120-F229F3433018}.Debug|Any CPU.ActiveCfg = Debug|Any CPU
		{BAB15B86-E9F6-4871-A120-F229F3433018}.Debug|Any CPU.Build.0 = Debug|Any CPU
		{BAB15B86-E9F6-4871-A120-F229F3433018}.Release|Any CPU.ActiveCfg = Release|Any CPU
		{BAB15B86-E9F6-4871-A120-F229F3433018}.Release|Any CPU.Build.0 = Release|Any CPU
		{EF7A3D58-E299-494D-AF63-60028B13B0ED}.Debug|Any CPU.ActiveCfg = Debug|Any CPU
		{EF7A3D58-E299-494D-AF63-60028B13B0ED}.Debug|Any CPU.Build.0 = Debug|Any CPU
		{EF7A3D58-E299-494D-AF63-60028B13B0ED}.Release|Any CPU.ActiveCfg = Release|Any CPU
		{EF7A3D58-E299-494D-AF63-60028B13B0ED}.Release|Any CPU.Build.0 = Release|Any CPU
		{B5235319-CD20-4BBD-9F8D-89072FC07971}.Debug|Any CPU.ActiveCfg = Debug|Any CPU
		{B5235319-CD20-4BBD-9F8D-89072FC07971}.Debug|Any CPU.Build.0 = Debug|Any CPU
		{B5235319-CD20-4BBD-9F8D-89072FC07971}.Release|Any CPU.ActiveCfg = Release|Any CPU
		{B5235319-CD20-4BBD-9F8D-89072FC07971}.Release|Any CPU.Build.0 = Release|Any CPU
		{E01A38BA-EB5A-42DF-8402-3C897861CE41}.Debug|Any CPU.ActiveCfg = Debug|Any CPU
		{E01A38BA-EB5A-42DF-8402-3C897861CE41}.Debug|Any CPU.Build.0 = Debug|Any CPU
		{E01A38BA-EB5A-42DF-8402-3C897861CE41}.Release|Any CPU.ActiveCfg = Release|Any CPU
		{E01A38BA-EB5A-42DF-8402-3C897861CE41}.Release|Any CPU.Build.0 = Release|Any CPU
		{4D104A56-AC59-4BBD-A693-BCC24C8DF4C0}.Debug|Any CPU.ActiveCfg = Debug|Any CPU
		{4D104A56-AC59-4BBD-A693-BCC24C8DF4C0}.Debug|Any CPU.Build.0 = Debug|Any CPU
		{4D104A56-AC59-4BBD-A693-BCC24C8DF4C0}.Release|Any CPU.ActiveCfg = Release|Any CPU
		{4D104A56-AC59-4BBD-A693-BCC24C8DF4C0}.Release|Any CPU.Build.0 = Release|Any CPU
		{87552468-B78B-4F07-A96E-9EA93A03C117}.Debug|Any CPU.ActiveCfg = Debug|Any CPU
		{87552468-B78B-4F07-A96E-9EA93A03C117}.Debug|Any CPU.Build.0 = Debug|Any CPU
		{87552468-B78B-4F07-A96E-9EA93A03C117}.Release|Any CPU.ActiveCfg = Release|Any CPU
		{87552468-B78B-4F07-A96E-9EA93A03C117}.Release|Any CPU.Build.0 = Release|Any CPU
		{7137E8D8-4E70-425E-A49F-7976E8BE8F66}.Debug|Any CPU.ActiveCfg = Debug|Any CPU
		{7137E8D8-4E70-425E-A49F-7976E8BE8F66}.Debug|Any CPU.Build.0 = Debug|Any CPU
		{7137E8D8-4E70-425E-A49F-7976E8BE8F66}.Release|Any CPU.ActiveCfg = Release|Any CPU
		{7137E8D8-4E70-425E-A49F-7976E8BE8F66}.Release|Any CPU.Build.0 = Release|Any CPU
		{0DF2BAE4-7BCB-4421-96FB-64250B8067A7}.Debug|Any CPU.ActiveCfg = Debug|Any CPU
		{0DF2BAE4-7BCB-4421-96FB-64250B8067A7}.Debug|Any CPU.Build.0 = Debug|Any CPU
		{0DF2BAE4-7BCB-4421-96FB-64250B8067A7}.Release|Any CPU.ActiveCfg = Release|Any CPU
		{0DF2BAE4-7BCB-4421-96FB-64250B8067A7}.Release|Any CPU.Build.0 = Release|Any CPU
		{D1BF776A-3A88-4A2A-9D28-3D1B8EC3B0D6}.Debug|Any CPU.ActiveCfg = Debug|Any CPU
		{D1BF776A-3A88-4A2A-9D28-3D1B8EC3B0D6}.Debug|Any CPU.Build.0 = Debug|Any CPU
		{D1BF776A-3A88-4A2A-9D28-3D1B8EC3B0D6}.Release|Any CPU.ActiveCfg = Release|Any CPU
		{D1BF776A-3A88-4A2A-9D28-3D1B8EC3B0D6}.Release|Any CPU.Build.0 = Release|Any CPU
		{D4AFE983-DAF3-4856-8AFB-D140B948FF5C}.Debug|Any CPU.ActiveCfg = Debug|Any CPU
		{D4AFE983-DAF3-4856-8AFB-D140B948FF5C}.Debug|Any CPU.Build.0 = Debug|Any CPU
		{D4AFE983-DAF3-4856-8AFB-D140B948FF5C}.Release|Any CPU.ActiveCfg = Release|Any CPU
		{D4AFE983-DAF3-4856-8AFB-D140B948FF5C}.Release|Any CPU.Build.0 = Release|Any CPU
		{1EC13400-44D9-4EB3-9398-76E8FA001CEE}.Debug|Any CPU.ActiveCfg = Debug|Any CPU
		{1EC13400-44D9-4EB3-9398-76E8FA001CEE}.Debug|Any CPU.Build.0 = Debug|Any CPU
		{1EC13400-44D9-4EB3-9398-76E8FA001CEE}.Release|Any CPU.ActiveCfg = Release|Any CPU
		{1EC13400-44D9-4EB3-9398-76E8FA001CEE}.Release|Any CPU.Build.0 = Release|Any CPU
		{941E6007-A0C0-4B9E-B08F-16DBB4370F3C}.Debug|Any CPU.ActiveCfg = Debug|Any CPU
		{941E6007-A0C0-4B9E-B08F-16DBB4370F3C}.Debug|Any CPU.Build.0 = Debug|Any CPU
		{941E6007-A0C0-4B9E-B08F-16DBB4370F3C}.Release|Any CPU.ActiveCfg = Release|Any CPU
		{941E6007-A0C0-4B9E-B08F-16DBB4370F3C}.Release|Any CPU.Build.0 = Release|Any CPU
		{952CC065-17D5-41A2-A3B9-7B73F6018F35}.Debug|Any CPU.ActiveCfg = Debug|Any CPU
		{952CC065-17D5-41A2-A3B9-7B73F6018F35}.Debug|Any CPU.Build.0 = Debug|Any CPU
		{952CC065-17D5-41A2-A3B9-7B73F6018F35}.Release|Any CPU.ActiveCfg = Release|Any CPU
		{952CC065-17D5-41A2-A3B9-7B73F6018F35}.Release|Any CPU.Build.0 = Release|Any CPU
		{32047ACD-49AA-4DFF-BCCE-869C00FFB17B}.Debug|Any CPU.ActiveCfg = Debug|Any CPU
		{32047ACD-49AA-4DFF-BCCE-869C00FFB17B}.Debug|Any CPU.Build.0 = Debug|Any CPU
		{32047ACD-49AA-4DFF-BCCE-869C00FFB17B}.Release|Any CPU.ActiveCfg = Release|Any CPU
		{32047ACD-49AA-4DFF-BCCE-869C00FFB17B}.Release|Any CPU.Build.0 = Release|Any CPU
		{7731C4C0-6737-4AEC-A825-81B221999808}.Debug|Any CPU.ActiveCfg = Debug|Any CPU
		{7731C4C0-6737-4AEC-A825-81B221999808}.Debug|Any CPU.Build.0 = Debug|Any CPU
		{7731C4C0-6737-4AEC-A825-81B221999808}.Release|Any CPU.ActiveCfg = Release|Any CPU
		{7731C4C0-6737-4AEC-A825-81B221999808}.Release|Any CPU.Build.0 = Release|Any CPU
		{2706735B-C583-40E5-ACA0-7F831873A154}.Debug|Any CPU.ActiveCfg = Debug|Any CPU
		{2706735B-C583-40E5-ACA0-7F831873A154}.Debug|Any CPU.Build.0 = Debug|Any CPU
		{2706735B-C583-40E5-ACA0-7F831873A154}.Release|Any CPU.ActiveCfg = Release|Any CPU
		{2706735B-C583-40E5-ACA0-7F831873A154}.Release|Any CPU.Build.0 = Release|Any CPU
		{98FA3C18-F8AA-49DF-BC4B-47D5ECB16EED}.Debug|Any CPU.ActiveCfg = Debug|Any CPU
		{98FA3C18-F8AA-49DF-BC4B-47D5ECB16EED}.Debug|Any CPU.Build.0 = Debug|Any CPU
		{98FA3C18-F8AA-49DF-BC4B-47D5ECB16EED}.Release|Any CPU.ActiveCfg = Release|Any CPU
		{98FA3C18-F8AA-49DF-BC4B-47D5ECB16EED}.Release|Any CPU.Build.0 = Release|Any CPU
		{FAAF1B42-407A-4B63-B203-65EBEFCE2A7D}.Debug|Any CPU.ActiveCfg = Debug|Any CPU
		{FAAF1B42-407A-4B63-B203-65EBEFCE2A7D}.Debug|Any CPU.Build.0 = Debug|Any CPU
		{FAAF1B42-407A-4B63-B203-65EBEFCE2A7D}.Release|Any CPU.ActiveCfg = Release|Any CPU
		{FAAF1B42-407A-4B63-B203-65EBEFCE2A7D}.Release|Any CPU.Build.0 = Release|Any CPU
		{708672DF-46EA-405E-B2EC-FD4C55932E42}.Debug|Any CPU.ActiveCfg = Debug|Any CPU
		{708672DF-46EA-405E-B2EC-FD4C55932E42}.Debug|Any CPU.Build.0 = Debug|Any CPU
		{708672DF-46EA-405E-B2EC-FD4C55932E42}.Release|Any CPU.ActiveCfg = Release|Any CPU
		{708672DF-46EA-405E-B2EC-FD4C55932E42}.Release|Any CPU.Build.0 = Release|Any CPU
		{650568B1-9711-4EC2-A54E-9B651BE203FD}.Debug|Any CPU.ActiveCfg = Debug|Any CPU
		{650568B1-9711-4EC2-A54E-9B651BE203FD}.Debug|Any CPU.Build.0 = Debug|Any CPU
		{650568B1-9711-4EC2-A54E-9B651BE203FD}.Release|Any CPU.ActiveCfg = Release|Any CPU
		{650568B1-9711-4EC2-A54E-9B651BE203FD}.Release|Any CPU.Build.0 = Release|Any CPU
		{4B2677C2-6F0D-45BB-B779-2D9F727A81EB}.Debug|Any CPU.ActiveCfg = Debug|Any CPU
		{4B2677C2-6F0D-45BB-B779-2D9F727A81EB}.Debug|Any CPU.Build.0 = Debug|Any CPU
		{4B2677C2-6F0D-45BB-B779-2D9F727A81EB}.Release|Any CPU.ActiveCfg = Release|Any CPU
		{4B2677C2-6F0D-45BB-B779-2D9F727A81EB}.Release|Any CPU.Build.0 = Release|Any CPU
		{30746447-9303-4DA2-8C38-86ED359A3C97}.Debug|Any CPU.ActiveCfg = Debug|Any CPU
		{30746447-9303-4DA2-8C38-86ED359A3C97}.Debug|Any CPU.Build.0 = Debug|Any CPU
		{30746447-9303-4DA2-8C38-86ED359A3C97}.Release|Any CPU.ActiveCfg = Release|Any CPU
		{30746447-9303-4DA2-8C38-86ED359A3C97}.Release|Any CPU.Build.0 = Release|Any CPU
		{7CCF898B-45DB-43CA-AC5A-EDA42ED215E4}.Debug|Any CPU.ActiveCfg = Debug|Any CPU
		{7CCF898B-45DB-43CA-AC5A-EDA42ED215E4}.Debug|Any CPU.Build.0 = Debug|Any CPU
		{7CCF898B-45DB-43CA-AC5A-EDA42ED215E4}.Release|Any CPU.ActiveCfg = Release|Any CPU
		{7CCF898B-45DB-43CA-AC5A-EDA42ED215E4}.Release|Any CPU.Build.0 = Release|Any CPU
		{D39F42C2-6FE8-41B0-BBFE-D91034367273}.Debug|Any CPU.ActiveCfg = Debug|Any CPU
		{D39F42C2-6FE8-41B0-BBFE-D91034367273}.Debug|Any CPU.Build.0 = Debug|Any CPU
		{D39F42C2-6FE8-41B0-BBFE-D91034367273}.Release|Any CPU.ActiveCfg = Release|Any CPU
		{D39F42C2-6FE8-41B0-BBFE-D91034367273}.Release|Any CPU.Build.0 = Release|Any CPU
		{78FB4DAB-2E6E-4FE2-A5EF-D8DFC097CBBC}.Debug|Any CPU.ActiveCfg = Debug|Any CPU
		{78FB4DAB-2E6E-4FE2-A5EF-D8DFC097CBBC}.Debug|Any CPU.Build.0 = Debug|Any CPU
		{78FB4DAB-2E6E-4FE2-A5EF-D8DFC097CBBC}.Release|Any CPU.ActiveCfg = Release|Any CPU
		{78FB4DAB-2E6E-4FE2-A5EF-D8DFC097CBBC}.Release|Any CPU.Build.0 = Release|Any CPU
		{F0B7F8ED-E5F4-4BBE-AF02-3DAD8236EAE2}.Debug|Any CPU.ActiveCfg = Debug|Any CPU
		{F0B7F8ED-E5F4-4BBE-AF02-3DAD8236EAE2}.Debug|Any CPU.Build.0 = Debug|Any CPU
		{F0B7F8ED-E5F4-4BBE-AF02-3DAD8236EAE2}.Release|Any CPU.ActiveCfg = Release|Any CPU
		{F0B7F8ED-E5F4-4BBE-AF02-3DAD8236EAE2}.Release|Any CPU.Build.0 = Release|Any CPU
		{E35E587F-B9AD-427A-AAAF-3FABE7429781}.Debug|Any CPU.ActiveCfg = Debug|Any CPU
		{E35E587F-B9AD-427A-AAAF-3FABE7429781}.Debug|Any CPU.Build.0 = Debug|Any CPU
		{E35E587F-B9AD-427A-AAAF-3FABE7429781}.Release|Any CPU.ActiveCfg = Release|Any CPU
		{E35E587F-B9AD-427A-AAAF-3FABE7429781}.Release|Any CPU.Build.0 = Release|Any CPU
		{D08FBBCE-EC35-44CF-B90E-9E5B6F61A848}.Debug|Any CPU.ActiveCfg = Debug|Any CPU
		{D08FBBCE-EC35-44CF-B90E-9E5B6F61A848}.Debug|Any CPU.Build.0 = Debug|Any CPU
		{D08FBBCE-EC35-44CF-B90E-9E5B6F61A848}.Release|Any CPU.ActiveCfg = Release|Any CPU
		{D08FBBCE-EC35-44CF-B90E-9E5B6F61A848}.Release|Any CPU.Build.0 = Release|Any CPU
		{76B5D7A5-10D5-41CE-B767-7B775907EAD5}.Debug|Any CPU.ActiveCfg = Debug|Any CPU
		{76B5D7A5-10D5-41CE-B767-7B775907EAD5}.Debug|Any CPU.Build.0 = Debug|Any CPU
		{76B5D7A5-10D5-41CE-B767-7B775907EAD5}.Release|Any CPU.ActiveCfg = Release|Any CPU
		{76B5D7A5-10D5-41CE-B767-7B775907EAD5}.Release|Any CPU.Build.0 = Release|Any CPU
		{C3667EB2-EB17-4838-A233-7850465B737B}.Debug|Any CPU.ActiveCfg = Debug|Any CPU
		{C3667EB2-EB17-4838-A233-7850465B737B}.Debug|Any CPU.Build.0 = Debug|Any CPU
		{C3667EB2-EB17-4838-A233-7850465B737B}.Release|Any CPU.ActiveCfg = Release|Any CPU
		{C3667EB2-EB17-4838-A233-7850465B737B}.Release|Any CPU.Build.0 = Release|Any CPU
		{F892BC96-7B5C-447B-906F-86573520FCC6}.Debug|Any CPU.ActiveCfg = Debug|Any CPU
		{F892BC96-7B5C-447B-906F-86573520FCC6}.Debug|Any CPU.Build.0 = Debug|Any CPU
		{F892BC96-7B5C-447B-906F-86573520FCC6}.Release|Any CPU.ActiveCfg = Release|Any CPU
		{F892BC96-7B5C-447B-906F-86573520FCC6}.Release|Any CPU.Build.0 = Release|Any CPU
		{DDEB7312-2F09-4565-94A6-3FB580F9C5D9}.Debug|Any CPU.ActiveCfg = Debug|Any CPU
		{DDEB7312-2F09-4565-94A6-3FB580F9C5D9}.Debug|Any CPU.Build.0 = Debug|Any CPU
		{DDEB7312-2F09-4565-94A6-3FB580F9C5D9}.Release|Any CPU.ActiveCfg = Release|Any CPU
		{DDEB7312-2F09-4565-94A6-3FB580F9C5D9}.Release|Any CPU.Build.0 = Release|Any CPU
	EndGlobalSection
	GlobalSection(NestedProjects) = preSolution
		{C1BE7BAA-5250-4552-ACF1-A349BB962D8B} = {97F47C4B-D1DC-401D-B100-D797230CB9FC}
		{14ECD4EA-D2BE-4948-B8CC-92FF846B4C66} = {97F47C4B-D1DC-401D-B100-D797230CB9FC}
		{528E17ED-4DCC-40E2-8124-95CB36E2A81A} = {6969383A-BA1F-4791-8643-12D9840B3F50}
		{1789E32A-CD10-45B1-822C-757A0892D74E} = {6969383A-BA1F-4791-8643-12D9840B3F50}
		{818868C6-750F-4EC8-B527-218E13F136B1} = {EE28D496-8B18-4A13-BBEB-B52D872DA4E1}
		{D9787CDA-50FF-4A55-BF61-A46EA55F1124} = {EE28D496-8B18-4A13-BBEB-B52D872DA4E1}
		{9463F485-D34D-43A5-8221-D05075BF754F} = {2AB9992E-755B-41A5-8299-F336D97F4593}
		{8A510097-D6AF-4098-B99A-C1C19C012754} = {2AB9992E-755B-41A5-8299-F336D97F4593}
		{4090C382-FCA7-4417-B48F-9F768521BB45} = {810DFF10-851B-4EFF-8453-E041325BB1C1}
		{27C51EB6-FAEC-4F51-8D93-BE028ECDEB4C} = {810DFF10-851B-4EFF-8453-E041325BB1C1}
		{7D097AA5-52A7-4CFD-9CD7-A6F1C4B597B7} = {D9F2744A-8363-4996-820B-F97E945D2641}
		{FC92E282-059D-4CB0-9A48-AFC5AB6C0F34} = {D9F2744A-8363-4996-820B-F97E945D2641}
		{F47FB6D8-2339-4B31-984F-0D3FACDA46DC} = {D9599A49-D061-4015-82E9-1CA395F7A1AF}
		{9F698831-D0D2-4595-A764-655DF9218AA3} = {D9599A49-D061-4015-82E9-1CA395F7A1AF}
		{C26B32BE-124A-4B36-A4A4-63A4B612D571} = {700B1C65-5024-41FC-B4BE-C38F5BEF1F0A}
		{BAB15B86-E9F6-4871-A120-F229F3433018} = {700B1C65-5024-41FC-B4BE-C38F5BEF1F0A}
		{EF7A3D58-E299-494D-AF63-60028B13B0ED} = {0FFFF78F-64EF-4E61-9B44-70AB65088B6A}
		{B5235319-CD20-4BBD-9F8D-89072FC07971} = {0FFFF78F-64EF-4E61-9B44-70AB65088B6A}
		{E01A38BA-EB5A-42DF-8402-3C897861CE41} = {7821B47B-4D86-4541-A861-BCB396486D4A}
		{4D104A56-AC59-4BBD-A693-BCC24C8DF4C0} = {7821B47B-4D86-4541-A861-BCB396486D4A}
		{87552468-B78B-4F07-A96E-9EA93A03C117} = {82EE9728-8510-4587-959E-88B0132BE3C7}
		{7137E8D8-4E70-425E-A49F-7976E8BE8F66} = {82EE9728-8510-4587-959E-88B0132BE3C7}
		{0DF2BAE4-7BCB-4421-96FB-64250B8067A7} = {321055ED-BFFD-4658-8CB4-192B14B5D6D4}
		{D1BF776A-3A88-4A2A-9D28-3D1B8EC3B0D6} = {321055ED-BFFD-4658-8CB4-192B14B5D6D4}
		{D4AFE983-DAF3-4856-8AFB-D140B948FF5C} = {4E70EB1A-75B3-4776-8589-B75C0FEC9F25}
		{1EC13400-44D9-4EB3-9398-76E8FA001CEE} = {4E70EB1A-75B3-4776-8589-B75C0FEC9F25}
		{941E6007-A0C0-4B9E-B08F-16DBB4370F3C} = {107AEAC8-1728-46A5-8494-3210499A689C}
		{952CC065-17D5-41A2-A3B9-7B73F6018F35} = {107AEAC8-1728-46A5-8494-3210499A689C}
		{32047ACD-49AA-4DFF-BCCE-869C00FFB17B} = {1AA083B2-95D1-4AD0-881B-B21C064EEC3A}
		{7731C4C0-6737-4AEC-A825-81B221999808} = {1AA083B2-95D1-4AD0-881B-B21C064EEC3A}
		{2706735B-C583-40E5-ACA0-7F831873A154} = {0D7E06B9-4579-4896-BB9D-A252FE3D3953}
		{98FA3C18-F8AA-49DF-BC4B-47D5ECB16EED} = {0D7E06B9-4579-4896-BB9D-A252FE3D3953}
		{FAAF1B42-407A-4B63-B203-65EBEFCE2A7D} = {F1F5D4FC-FA61-494D-946A-E76CCE5432F9}
		{708672DF-46EA-405E-B2EC-FD4C55932E42} = {F1F5D4FC-FA61-494D-946A-E76CCE5432F9}
		{650568B1-9711-4EC2-A54E-9B651BE203FD} = {E145452D-FFEB-496B-9709-E05F27581A81}
		{4B2677C2-6F0D-45BB-B779-2D9F727A81EB} = {E145452D-FFEB-496B-9709-E05F27581A81}
		{30746447-9303-4DA2-8C38-86ED359A3C97} = {BB276361-32FE-4C0E-8582-297E7082008C}
		{7CCF898B-45DB-43CA-AC5A-EDA42ED215E4} = {BB276361-32FE-4C0E-8582-297E7082008C}
		{D39F42C2-6FE8-41B0-BBFE-D91034367273} = {B640AA3D-5CD4-4F92-98EE-0D6DBE89A0AA}
		{78FB4DAB-2E6E-4FE2-A5EF-D8DFC097CBBC} = {B640AA3D-5CD4-4F92-98EE-0D6DBE89A0AA}
		{F0B7F8ED-E5F4-4BBE-AF02-3DAD8236EAE2} = {0DBD773F-6A87-4284-8B30-FE492F84E1BD}
		{E35E587F-B9AD-427A-AAAF-3FABE7429781} = {0DBD773F-6A87-4284-8B30-FE492F84E1BD}
		{D08FBBCE-EC35-44CF-B90E-9E5B6F61A848} = {75A58423-8A2E-4D74-82FB-134F3B40C550}
		{76B5D7A5-10D5-41CE-B767-7B775907EAD5} = {75A58423-8A2E-4D74-82FB-134F3B40C550}
		{C3667EB2-EB17-4838-A233-7850465B737B} = {4C4F2E6F-6BBF-43D7-8383-CDEF4D3907DC}
		{F892BC96-7B5C-447B-906F-86573520FCC6} = {60216511-BD96-46F2-8609-535993B46A46}
		{DDEB7312-2F09-4565-94A6-3FB580F9C5D9} = {60216511-BD96-46F2-8609-535993B46A46}
	EndGlobalSection
EndGlobal
