
Microsoft Visual Studio Solution File, Format Version 12.00
# Visual Studio Version 17
VisualStudioVersion = 17.0.31903.59
MinimumVisualStudioVersion = 10.0.40219.1
Project("{2150E333-8FDC-42A3-9474-1A3956D46DE8}") = "src", "src", "{AD380FCA-56A8-4E3F-8BE4-BA26B1FA28AC}"
EndProject
Project("{2150E333-8FDC-42A3-9474-1A3956D46DE8}") = "Core", "Core", "{827C8974-4A98-44FA-B47D-7FC98BEC1A67}"
EndProject
Project("{FAE04EC0-301F-11D3-BF4B-00C04F79EFBC}") = "MotorPool.API", "src\Core\MotorPool.API\MotorPool.API.csproj", "{150CAC55-5078-47FE-ADFC-39FF97998123}"
EndProject
Project("{FAE04EC0-301F-11D3-BF4B-00C04F79EFBC}") = "MotorPool.Auth", "src\Core\MotorPool.Auth\MotorPool.Auth.csproj", "{869BF588-84B2-40AF-9DF2-68EB5FC7D385}"
EndProject
Project("{FAE04EC0-301F-11D3-BF4B-00C04F79EFBC}") = "MotorPool.Domain", "src\Core\MotorPool.Domain\MotorPool.Domain.csproj", "{96D44631-CF52-4A89-AEEC-71922641E316}"
EndProject
Project("{FAE04EC0-301F-11D3-BF4B-00C04F79EFBC}") = "MotorPool.Persistence", "src\Core\MotorPool.Persistence\MotorPool.Persistence.csproj", "{DE4EBB41-E2B0-462C-A797-C2801783C195}"
EndProject
Project("{FAE04EC0-301F-11D3-BF4B-00C04F79EFBC}") = "MotorPool.Repository", "src\Core\MotorPool.Repository\MotorPool.Repository.csproj", "{0D7F2825-223D-4913-9DF4-EA13E16D3BA6}"
EndProject
Project("{FAE04EC0-301F-11D3-BF4B-00C04F79EFBC}") = "MotorPool.Services.Driver", "src\Core\MotorPool.Services.Driver\MotorPool.Services.Driver.csproj", "{5AE699BC-20AF-42C4-80BF-F9FC0988EEFF}"
EndProject
Project("{FAE04EC0-301F-11D3-BF4B-00C04F79EFBC}") = "MotorPool.Services.Enterprise", "src\Core\MotorPool.Services.Enterprise\MotorPool.Services.Enterprise.csproj", "{074AF5F7-A704-4C93-9EEE-C3A3920B489F}"
EndProject
Project("{FAE04EC0-301F-11D3-BF4B-00C04F79EFBC}") = "MotorPool.Services.Geo", "src\Core\MotorPool.Services.Geo\MotorPool.Services.Geo.csproj", "{16BB0413-DB94-45F9-99B4-F784A8EABDD2}"
EndProject
Project("{FAE04EC0-301F-11D3-BF4B-00C04F79EFBC}") = "MotorPool.Services.Manager", "src\Core\MotorPool.Services.Manager\MotorPool.Services.Manager.csproj", "{1925EBE2-66EF-472C-B331-8775028E046B}"
EndProject
Project("{FAE04EC0-301F-11D3-BF4B-00C04F79EFBC}") = "MotorPool.Services.Reporting", "src\Core\MotorPool.Services.Reporting\MotorPool.Services.Reporting.csproj", "{CA2FEE2F-752D-4439-8782-A05F47856353}"
EndProject
Project("{FAE04EC0-301F-11D3-BF4B-00C04F79EFBC}") = "MotorPool.Services.Vehicle", "src\Core\MotorPool.Services.Vehicle\MotorPool.Services.Vehicle.csproj", "{FC13AA4D-0539-421F-A644-33C8B95210BD}"
EndProject
Project("{FAE04EC0-301F-11D3-BF4B-00C04F79EFBC}") = "MotorPool.Services.VehicleBrand", "src\Core\MotorPool.Services.VehicleBrand\MotorPool.Services.VehicleBrand.csproj", "{6376061A-33AF-4868-BA20-1CDCF7380D8A}"
EndProject
Project("{FAE04EC0-301F-11D3-BF4B-00C04F79EFBC}") = "MotorPool.SpeedAlertService", "src\Core\MotorPool.SpeedAlertService\MotorPool.SpeedAlertService.csproj", "{D72F25B3-35AD-4DA8-80D6-5ED85A526D71}"
EndProject
Project("{FAE04EC0-301F-11D3-BF4B-00C04F79EFBC}") = "MotorPool.TelemetryService", "src\Core\MotorPool.TelemetryService\MotorPool.TelemetryService.csproj", "{0E80FBE5-0831-4F4D-9B9E-A352B08217C7}"
EndProject
Project("{FAE04EC0-301F-11D3-BF4B-00C04F79EFBC}") = "MotorPool.TelemetryStorage", "src\Core\MotorPool.TelemetryStorage\MotorPool.TelemetryStorage.csproj", "{092BD12B-CC20-429E-85B8-754D2FD6B9BD}"
EndProject
Project("{FAE04EC0-301F-11D3-BF4B-00C04F79EFBC}") = "MotorPool.UI", "src\Core\MotorPool.UI\MotorPool.UI.csproj", "{5B5C8651-0F1A-4308-BDD0-3CBF1CDB2104}"
EndProject
Project("{FAE04EC0-301F-11D3-BF4B-00C04F79EFBC}") = "MotorPool.Utils", "src\Core\MotorPool.Utils\MotorPool.Utils.csproj", "{AC18842D-FEEE-40B1-A353-D8234CE4E3AF}"
EndProject
Project("{2150E333-8FDC-42A3-9474-1A3956D46DE8}") = "Utilities", "Utilities", "{847B33AB-31FA-4C94-89E3-BCADB6BF94B7}"
EndProject
Project("{FAE04EC0-301F-11D3-BF4B-00C04F79EFBC}") = "MotorPool.DatabaseSeeder", "src\Utilities\MotorPool.DatabaseSeeder\MotorPool.DatabaseSeeder.csproj", "{22591944-FEBF-445A-BE89-6DD7A25BE7CA}"
EndProject
Project("{FAE04EC0-301F-11D3-BF4B-00C04F79EFBC}") = "MotorPool.TelegramBot", "src\Utilities\MotorPool.TelegramBot\MotorPool.TelegramBot.csproj", "{0E72B89F-2F53-4640-A084-1EF68A9EC4AD}"
EndProject
Project("{FAE04EC0-301F-11D3-BF4B-00C04F79EFBC}") = "MotorPool.TripGenerator", "src\Utilities\MotorPool.TripGenerator\MotorPool.TripGenerator.csproj", "{E9E1203B-230C-45C4-8610-2E0C37370178}"
EndProject
Project("{2150E333-8FDC-42A3-9474-1A3956D46DE8}") = "tests", "tests", "{8315CBA4-C96F-4412-9E79-CE1A2B317843}"
EndProject
Project("{2150E333-8FDC-42A3-9474-1A3956D46DE8}") = "Core", "Core", "{0884A24B-4F23-4FC8-912A-71BB27E1E78B}"
EndProject
Project("{FAE04EC0-301F-11D3-BF4B-00C04F79EFBC}") = "MotorPool.Services.Driver.Tests", "tests\Core\MotorPool.Services.Driver.Tests\MotorPool.Services.Driver.Tests.csproj", "{C2CEBB4C-1874-40E9-9EFC-830114442D1D}"
EndProject
Project("{FAE04EC0-301F-11D3-BF4B-00C04F79EFBC}") = "MotorPool.Services.Vehicle.Tests", "tests\Core\MotorPool.Services.Vehicle.Tests\MotorPool.Services.Vehicle.Tests.csproj", "{11CB622D-CBE4-40AA-BC3B-90C36295268D}"
EndProject
Project("{FAE04EC0-301F-11D3-BF4B-00C04F79EFBC}") = "MotorPool.LoadTesting", "src\Utilities\MotorPool.LoadTesting\MotorPool.LoadTesting.csproj", "{1D2F8760-88A4-46E5-A7F1-39ED93EAA07D}"
EndProject
Project("{FAE04EC0-301F-11D3-BF4B-00C04F79EFBC}") = "MotorPool.API.Tests", "tests\Core\MotorPool.API.Tests\MotorPool.API.Tests.csproj", "{136583A7-853A-4DAB-B0DB-3D3BDD5976B7}"
EndProject
Global
	GlobalSection(SolutionConfigurationPlatforms) = preSolution
		Debug|Any CPU = Debug|Any CPU
		Release|Any CPU = Release|Any CPU
	EndGlobalSection
	GlobalSection(SolutionProperties) = preSolution
		HideSolutionNode = FALSE
	EndGlobalSection
	GlobalSection(ProjectConfigurationPlatforms) = postSolution
		{150CAC55-5078-47FE-ADFC-39FF97998123}.Debug|Any CPU.ActiveCfg = Debug|Any CPU
		{150CAC55-5078-47FE-ADFC-39FF97998123}.Debug|Any CPU.Build.0 = Debug|Any CPU
		{150CAC55-5078-47FE-ADFC-39FF97998123}.Release|Any CPU.ActiveCfg = Release|Any CPU
		{150CAC55-5078-47FE-ADFC-39FF97998123}.Release|Any CPU.Build.0 = Release|Any CPU
		{869BF588-84B2-40AF-9DF2-68EB5FC7D385}.Debug|Any CPU.ActiveCfg = Debug|Any CPU
		{869BF588-84B2-40AF-9DF2-68EB5FC7D385}.Debug|Any CPU.Build.0 = Debug|Any CPU
		{869BF588-84B2-40AF-9DF2-68EB5FC7D385}.Release|Any CPU.ActiveCfg = Release|Any CPU
		{869BF588-84B2-40AF-9DF2-68EB5FC7D385}.Release|Any CPU.Build.0 = Release|Any CPU
		{96D44631-CF52-4A89-AEEC-71922641E316}.Debug|Any CPU.ActiveCfg = Debug|Any CPU
		{96D44631-CF52-4A89-AEEC-71922641E316}.Debug|Any CPU.Build.0 = Debug|Any CPU
		{96D44631-CF52-4A89-AEEC-71922641E316}.Release|Any CPU.ActiveCfg = Release|Any CPU
		{96D44631-CF52-4A89-AEEC-71922641E316}.Release|Any CPU.Build.0 = Release|Any CPU
		{DE4EBB41-E2B0-462C-A797-C2801783C195}.Debug|Any CPU.ActiveCfg = Debug|Any CPU
		{DE4EBB41-E2B0-462C-A797-C2801783C195}.Debug|Any CPU.Build.0 = Debug|Any CPU
		{DE4EBB41-E2B0-462C-A797-C2801783C195}.Release|Any CPU.ActiveCfg = Release|Any CPU
		{DE4EBB41-E2B0-462C-A797-C2801783C195}.Release|Any CPU.Build.0 = Release|Any CPU
		{0D7F2825-223D-4913-9DF4-EA13E16D3BA6}.Debug|Any CPU.ActiveCfg = Debug|Any CPU
		{0D7F2825-223D-4913-9DF4-EA13E16D3BA6}.Debug|Any CPU.Build.0 = Debug|Any CPU
		{0D7F2825-223D-4913-9DF4-EA13E16D3BA6}.Release|Any CPU.ActiveCfg = Release|Any CPU
		{0D7F2825-223D-4913-9DF4-EA13E16D3BA6}.Release|Any CPU.Build.0 = Release|Any CPU
		{5AE699BC-20AF-42C4-80BF-F9FC0988EEFF}.Debug|Any CPU.ActiveCfg = Debug|Any CPU
		{5AE699BC-20AF-42C4-80BF-F9FC0988EEFF}.Debug|Any CPU.Build.0 = Debug|Any CPU
		{5AE699BC-20AF-42C4-80BF-F9FC0988EEFF}.Release|Any CPU.ActiveCfg = Release|Any CPU
		{5AE699BC-20AF-42C4-80BF-F9FC0988EEFF}.Release|Any CPU.Build.0 = Release|Any CPU
		{074AF5F7-A704-4C93-9EEE-C3A3920B489F}.Debug|Any CPU.ActiveCfg = Debug|Any CPU
		{074AF5F7-A704-4C93-9EEE-C3A3920B489F}.Debug|Any CPU.Build.0 = Debug|Any CPU
		{074AF5F7-A704-4C93-9EEE-C3A3920B489F}.Release|Any CPU.ActiveCfg = Release|Any CPU
		{074AF5F7-A704-4C93-9EEE-C3A3920B489F}.Release|Any CPU.Build.0 = Release|Any CPU
		{16BB0413-DB94-45F9-99B4-F784A8EABDD2}.Debug|Any CPU.ActiveCfg = Debug|Any CPU
		{16BB0413-DB94-45F9-99B4-F784A8EABDD2}.Debug|Any CPU.Build.0 = Debug|Any CPU
		{16BB0413-DB94-45F9-99B4-F784A8EABDD2}.Release|Any CPU.ActiveCfg = Release|Any CPU
		{16BB0413-DB94-45F9-99B4-F784A8EABDD2}.Release|Any CPU.Build.0 = Release|Any CPU
		{1925EBE2-66EF-472C-B331-8775028E046B}.Debug|Any CPU.ActiveCfg = Debug|Any CPU
		{1925EBE2-66EF-472C-B331-8775028E046B}.Debug|Any CPU.Build.0 = Debug|Any CPU
		{1925EBE2-66EF-472C-B331-8775028E046B}.Release|Any CPU.ActiveCfg = Release|Any CPU
		{1925EBE2-66EF-472C-B331-8775028E046B}.Release|Any CPU.Build.0 = Release|Any CPU
		{CA2FEE2F-752D-4439-8782-A05F47856353}.Debug|Any CPU.ActiveCfg = Debug|Any CPU
		{CA2FEE2F-752D-4439-8782-A05F47856353}.Debug|Any CPU.Build.0 = Debug|Any CPU
		{CA2FEE2F-752D-4439-8782-A05F47856353}.Release|Any CPU.ActiveCfg = Release|Any CPU
		{CA2FEE2F-752D-4439-8782-A05F47856353}.Release|Any CPU.Build.0 = Release|Any CPU
		{FC13AA4D-0539-421F-A644-33C8B95210BD}.Debug|Any CPU.ActiveCfg = Debug|Any CPU
		{FC13AA4D-0539-421F-A644-33C8B95210BD}.Debug|Any CPU.Build.0 = Debug|Any CPU
		{FC13AA4D-0539-421F-A644-33C8B95210BD}.Release|Any CPU.ActiveCfg = Release|Any CPU
		{FC13AA4D-0539-421F-A644-33C8B95210BD}.Release|Any CPU.Build.0 = Release|Any CPU
		{6376061A-33AF-4868-BA20-1CDCF7380D8A}.Debug|Any CPU.ActiveCfg = Debug|Any CPU
		{6376061A-33AF-4868-BA20-1CDCF7380D8A}.Debug|Any CPU.Build.0 = Debug|Any CPU
		{6376061A-33AF-4868-BA20-1CDCF7380D8A}.Release|Any CPU.ActiveCfg = Release|Any CPU
		{6376061A-33AF-4868-BA20-1CDCF7380D8A}.Release|Any CPU.Build.0 = Release|Any CPU
		{D72F25B3-35AD-4DA8-80D6-5ED85A526D71}.Debug|Any CPU.ActiveCfg = Debug|Any CPU
		{D72F25B3-35AD-4DA8-80D6-5ED85A526D71}.Debug|Any CPU.Build.0 = Debug|Any CPU
		{D72F25B3-35AD-4DA8-80D6-5ED85A526D71}.Release|Any CPU.ActiveCfg = Release|Any CPU
		{D72F25B3-35AD-4DA8-80D6-5ED85A526D71}.Release|Any CPU.Build.0 = Release|Any CPU
		{0E80FBE5-0831-4F4D-9B9E-A352B08217C7}.Debug|Any CPU.ActiveCfg = Debug|Any CPU
		{0E80FBE5-0831-4F4D-9B9E-A352B08217C7}.Debug|Any CPU.Build.0 = Debug|Any CPU
		{0E80FBE5-0831-4F4D-9B9E-A352B08217C7}.Release|Any CPU.ActiveCfg = Release|Any CPU
		{0E80FBE5-0831-4F4D-9B9E-A352B08217C7}.Release|Any CPU.Build.0 = Release|Any CPU
		{092BD12B-CC20-429E-85B8-754D2FD6B9BD}.Debug|Any CPU.ActiveCfg = Debug|Any CPU
		{092BD12B-CC20-429E-85B8-754D2FD6B9BD}.Debug|Any CPU.Build.0 = Debug|Any CPU
		{092BD12B-CC20-429E-85B8-754D2FD6B9BD}.Release|Any CPU.ActiveCfg = Release|Any CPU
		{092BD12B-CC20-429E-85B8-754D2FD6B9BD}.Release|Any CPU.Build.0 = Release|Any CPU
		{5B5C8651-0F1A-4308-BDD0-3CBF1CDB2104}.Debug|Any CPU.ActiveCfg = Debug|Any CPU
		{5B5C8651-0F1A-4308-BDD0-3CBF1CDB2104}.Debug|Any CPU.Build.0 = Debug|Any CPU
		{5B5C8651-0F1A-4308-BDD0-3CBF1CDB2104}.Release|Any CPU.ActiveCfg = Release|Any CPU
		{5B5C8651-0F1A-4308-BDD0-3CBF1CDB2104}.Release|Any CPU.Build.0 = Release|Any CPU
		{AC18842D-FEEE-40B1-A353-D8234CE4E3AF}.Debug|Any CPU.ActiveCfg = Debug|Any CPU
		{AC18842D-FEEE-40B1-A353-D8234CE4E3AF}.Debug|Any CPU.Build.0 = Debug|Any CPU
		{AC18842D-FEEE-40B1-A353-D8234CE4E3AF}.Release|Any CPU.ActiveCfg = Release|Any CPU
		{AC18842D-FEEE-40B1-A353-D8234CE4E3AF}.Release|Any CPU.Build.0 = Release|Any CPU
		{22591944-FEBF-445A-BE89-6DD7A25BE7CA}.Debug|Any CPU.ActiveCfg = Debug|Any CPU
		{22591944-FEBF-445A-BE89-6DD7A25BE7CA}.Debug|Any CPU.Build.0 = Debug|Any CPU
		{22591944-FEBF-445A-BE89-6DD7A25BE7CA}.Release|Any CPU.ActiveCfg = Release|Any CPU
		{22591944-FEBF-445A-BE89-6DD7A25BE7CA}.Release|Any CPU.Build.0 = Release|Any CPU
		{0E72B89F-2F53-4640-A084-1EF68A9EC4AD}.Debug|Any CPU.ActiveCfg = Debug|Any CPU
		{0E72B89F-2F53-4640-A084-1EF68A9EC4AD}.Debug|Any CPU.Build.0 = Debug|Any CPU
		{0E72B89F-2F53-4640-A084-1EF68A9EC4AD}.Release|Any CPU.ActiveCfg = Release|Any CPU
		{0E72B89F-2F53-4640-A084-1EF68A9EC4AD}.Release|Any CPU.Build.0 = Release|Any CPU
		{E9E1203B-230C-45C4-8610-2E0C37370178}.Debug|Any CPU.ActiveCfg = Debug|Any CPU
		{E9E1203B-230C-45C4-8610-2E0C37370178}.Debug|Any CPU.Build.0 = Debug|Any CPU
		{E9E1203B-230C-45C4-8610-2E0C37370178}.Release|Any CPU.ActiveCfg = Release|Any CPU
		{E9E1203B-230C-45C4-8610-2E0C37370178}.Release|Any CPU.Build.0 = Release|Any CPU
		{C2CEBB4C-1874-40E9-9EFC-830114442D1D}.Debug|Any CPU.ActiveCfg = Debug|Any CPU
		{C2CEBB4C-1874-40E9-9EFC-830114442D1D}.Debug|Any CPU.Build.0 = Debug|Any CPU
		{C2CEBB4C-1874-40E9-9EFC-830114442D1D}.Release|Any CPU.ActiveCfg = Release|Any CPU
		{C2CEBB4C-1874-40E9-9EFC-830114442D1D}.Release|Any CPU.Build.0 = Release|Any CPU
		{11CB622D-CBE4-40AA-BC3B-90C36295268D}.Debug|Any CPU.ActiveCfg = Debug|Any CPU
		{11CB622D-CBE4-40AA-BC3B-90C36295268D}.Debug|Any CPU.Build.0 = Debug|Any CPU
		{11CB622D-CBE4-40AA-BC3B-90C36295268D}.Release|Any CPU.ActiveCfg = Release|Any CPU
		{11CB622D-CBE4-40AA-BC3B-90C36295268D}.Release|Any CPU.Build.0 = Release|Any CPU
		{1D2F8760-88A4-46E5-A7F1-39ED93EAA07D}.Debug|Any CPU.ActiveCfg = Debug|Any CPU
		{1D2F8760-88A4-46E5-A7F1-39ED93EAA07D}.Debug|Any CPU.Build.0 = Debug|Any CPU
		{1D2F8760-88A4-46E5-A7F1-39ED93EAA07D}.Release|Any CPU.ActiveCfg = Release|Any CPU
		{1D2F8760-88A4-46E5-A7F1-39ED93EAA07D}.Release|Any CPU.Build.0 = Release|Any CPU
		{136583A7-853A-4DAB-B0DB-3D3BDD5976B7}.Debug|Any CPU.ActiveCfg = Debug|Any CPU
		{136583A7-853A-4DAB-B0DB-3D3BDD5976B7}.Debug|Any CPU.Build.0 = Debug|Any CPU
		{136583A7-853A-4DAB-B0DB-3D3BDD5976B7}.Release|Any CPU.ActiveCfg = Release|Any CPU
		{136583A7-853A-4DAB-B0DB-3D3BDD5976B7}.Release|Any CPU.Build.0 = Release|Any CPU
	EndGlobalSection
	GlobalSection(NestedProjects) = preSolution
		{827C8974-4A98-44FA-B47D-7FC98BEC1A67} = {AD380FCA-56A8-4E3F-8BE4-BA26B1FA28AC}
		{150CAC55-5078-47FE-ADFC-39FF97998123} = {827C8974-4A98-44FA-B47D-7FC98BEC1A67}
		{869BF588-84B2-40AF-9DF2-68EB5FC7D385} = {827C8974-4A98-44FA-B47D-7FC98BEC1A67}
		{96D44631-CF52-4A89-AEEC-71922641E316} = {827C8974-4A98-44FA-B47D-7FC98BEC1A67}
		{DE4EBB41-E2B0-462C-A797-C2801783C195} = {827C8974-4A98-44FA-B47D-7FC98BEC1A67}
		{0D7F2825-223D-4913-9DF4-EA13E16D3BA6} = {827C8974-4A98-44FA-B47D-7FC98BEC1A67}
		{5AE699BC-20AF-42C4-80BF-F9FC0988EEFF} = {827C8974-4A98-44FA-B47D-7FC98BEC1A67}
		{074AF5F7-A704-4C93-9EEE-C3A3920B489F} = {827C8974-4A98-44FA-B47D-7FC98BEC1A67}
		{16BB0413-DB94-45F9-99B4-F784A8EABDD2} = {827C8974-4A98-44FA-B47D-7FC98BEC1A67}
		{1925EBE2-66EF-472C-B331-8775028E046B} = {827C8974-4A98-44FA-B47D-7FC98BEC1A67}
		{CA2FEE2F-752D-4439-8782-A05F47856353} = {827C8974-4A98-44FA-B47D-7FC98BEC1A67}
		{FC13AA4D-0539-421F-A644-33C8B95210BD} = {827C8974-4A98-44FA-B47D-7FC98BEC1A67}
		{6376061A-33AF-4868-BA20-1CDCF7380D8A} = {827C8974-4A98-44FA-B47D-7FC98BEC1A67}
		{D72F25B3-35AD-4DA8-80D6-5ED85A526D71} = {827C8974-4A98-44FA-B47D-7FC98BEC1A67}
		{0E80FBE5-0831-4F4D-9B9E-A352B08217C7} = {827C8974-4A98-44FA-B47D-7FC98BEC1A67}
		{092BD12B-CC20-429E-85B8-754D2FD6B9BD} = {827C8974-4A98-44FA-B47D-7FC98BEC1A67}
		{5B5C8651-0F1A-4308-BDD0-3CBF1CDB2104} = {827C8974-4A98-44FA-B47D-7FC98BEC1A67}
		{AC18842D-FEEE-40B1-A353-D8234CE4E3AF} = {827C8974-4A98-44FA-B47D-7FC98BEC1A67}
		{847B33AB-31FA-4C94-89E3-BCADB6BF94B7} = {AD380FCA-56A8-4E3F-8BE4-BA26B1FA28AC}
		{22591944-FEBF-445A-BE89-6DD7A25BE7CA} = {847B33AB-31FA-4C94-89E3-BCADB6BF94B7}
		{0E72B89F-2F53-4640-A084-1EF68A9EC4AD} = {847B33AB-31FA-4C94-89E3-BCADB6BF94B7}
		{E9E1203B-230C-45C4-8610-2E0C37370178} = {847B33AB-31FA-4C94-89E3-BCADB6BF94B7}
		{0884A24B-4F23-4FC8-912A-71BB27E1E78B} = {8315CBA4-C96F-4412-9E79-CE1A2B317843}
		{C2CEBB4C-1874-40E9-9EFC-830114442D1D} = {0884A24B-4F23-4FC8-912A-71BB27E1E78B}
		{11CB622D-CBE4-40AA-BC3B-90C36295268D} = {0884A24B-4F23-4FC8-912A-71BB27E1E78B}
		{1D2F8760-88A4-46E5-A7F1-39ED93EAA07D} = {847B33AB-31FA-4C94-89E3-BCADB6BF94B7}
		{136583A7-853A-4DAB-B0DB-3D3BDD5976B7} = {0884A24B-4F23-4FC8-912A-71BB27E1E78B}
	EndGlobalSection
EndGlobal
